
Microsoft Visual Studio Solution File, Format Version 12.00
# Visual Studio Version 17
VisualStudioVersion = 17.13.35825.156 d17.13
MinimumVisualStudioVersion = 10.0.40219.1
Project("{FAE04EC0-301F-11D3-BF4B-00C04F79EFBC}") = "Timebob", "Timebob.csproj", "{A56CEDBA-C4C5-4198-8A34-17438133EB9B}"
EndProject
Global
	GlobalSection(SolutionConfigurationPlatforms) = preSolution
		Debug|Any CPU = Debug|Any CPU
		Release|Any CPU = Release|Any CPU
	EndGlobalSection
	GlobalSection(ProjectConfigurationPlatforms) = postSolution
		{A56CEDBA-C4C5-4198-8A34-17438133EB9B}.Debug|Any CPU.ActiveCfg = Debug|Any CPU
		{A56CEDBA-C4C5-4198-8A34-17438133EB9B}.Debug|Any CPU.Build.0 = Debug|Any CPU
		{A56CEDBA-C4C5-4198-8A34-17438133EB9B}.Release|Any CPU.ActiveCfg = Release|Any CPU
		{A56CEDBA-C4C5-4198-8A34-17438133EB9B}.Release|Any CPU.Build.0 = Release|Any CPU
	EndGlobalSection
	GlobalSection(SolutionProperties) = preSolution
		HideSolutionNode = FALSE
	EndGlobalSection
	GlobalSection(ExtensibilityGlobals) = postSolution
		SolutionGuid = {AA932542-6442-4C46-8333-C4C148328C47}
	EndGlobalSection
EndGlobal
